
Microsoft Visual Studio Solution File, Format Version 12.00
# Visual Studio 15
VisualStudioVersion = 15.0.28010.2026
MinimumVisualStudioVersion = 10.0.40219.1
Project("{9A19103F-16F7-4668-BE54-9A1E7A4F7556}") = "Fabrikam.Logging", "Fabrikam.Logging\Fabrikam.Logging.csproj", "{5336BE38-C75A-4FE3-BE63-F47EFA122E0D}"
EndProject
Global
	GlobalSection(SolutionConfigurationPlatforms) = preSolution
		Debug|Any CPU = Debug|Any CPU
		Release|Any CPU = Release|Any CPU
	EndGlobalSection
	GlobalSection(ProjectConfigurationPlatforms) = postSolution
		{5336BE38-C75A-4FE3-BE63-F47EFA122E0D}.Debug|Any CPU.ActiveCfg = Debug|Any CPU
		{5336BE38-C75A-4FE3-BE63-F47EFA122E0D}.Debug|Any CPU.Build.0 = Debug|Any CPU
		{5336BE38-C75A-4FE3-BE63-F47EFA122E0D}.Release|Any CPU.ActiveCfg = Release|Any CPU
		{5336BE38-C75A-4FE3-BE63-F47EFA122E0D}.Release|Any CPU.Build.0 = Release|Any CPU
	EndGlobalSection
	GlobalSection(SolutionProperties) = preSolution
		HideSolutionNode = FALSE
	EndGlobalSection
	GlobalSection(ExtensibilityGlobals) = postSolution
		SolutionGuid = {3380078A-19C2-4417-A587-49DF191EA450}
	EndGlobalSection
EndGlobal
